<?xml version="1.0" encoding="utf-8"?>
<Project ToolsVersion="4.0" xmlns="http://schemas.microsoft.com/developer/msbuild/2003">
  <ItemGroup>
    <Filter Include="Source Files">
      <UniqueIdentifier>{4FC737F1-C7A5-4376-A066-2A32D752A2FF}</UniqueIdentifier>
      <Extensions>cpp;c;cc;cxx;def;odl;idl;hpj;bat;asm;asmx</Extensions>
    </Filter>
    <Filter Include="Header Files">
      <UniqueIdentifier>{93995380-89BD-4b04-88EB-625FBE52EBFB}</UniqueIdentifier>
      <Extensions>h;hpp;hxx;hm;inl;inc;xsd</Extensions>
    </Filter>
    <Filter Include="Resource Files">
      <UniqueIdentifier>{67DA6AB6-F800-4c08-8B7A-83BB121AAD01}</UniqueIdentifier>
      <Extensions>rc;ico;cur;bmp;dlg;rc2;rct;bin;rgs;gif;jpg;jpeg;jpe;resx;tiff;tif;png;wav;mfcribbon-ms</Extensions>
    </Filter>
  </ItemGroup>
  <ItemGroup>
    <ClCompile Include="main.cpp">
      <Filter>Source Files</Filter>
    </ClCompile>
    <ClCompile Include="sources\callbacks.cpp">
      <Filter>Source Files</Filter>
    </ClCompile>
    <ClCompile Include="sources\directioncontrol.cpp">
      <Filter>Source Files</Filter>
    </ClCompile>
  </ItemGroup>
  <ItemGroup>
    <Media Include="resources\OK-beep.wav">
      <Filter>Resource Files</Filter>
    </Media>
    <Media Include="resources\Stop-beep.wav">
      <Filter>Resource Files</Filter>
    </Media>
    <Media Include="sources\resources\OK-beep.wav">
      <Filter>Resource Files</Filter>
    </Media>
    <Media Include="sources\resources\Stop-beep.wav">
      <Filter>Resource Files</Filter>
    </Media>
    <Media Include="sources\resources\BankAngle.wav">
      <Filter>Resource Files</Filter>
    </Media>
    <Media Include="sources\resources\Bleeps.wav">
      <Filter>Resource Files</Filter>
    </Media>
    <Media Include="sources\resources\EASTone.wav">
      <Filter>Resource Files</Filter>
    </Media>
    <Media Include="sources\resources\PullUp.wav">
      <Filter>Resource Files</Filter>
    </Media>
    <Media Include="sources\resources\SawBeeps.wav">
      <Filter>Resource Files</Filter>
    </Media>
    <Media Include="sources\resources\Warning.wav">
      <Filter>Resource Files</Filter>
    </Media>
    <Media Include="sources\resources\Windows Notify System Generic.wav">
      <Filter>Resource Files</Filter>
    </Media>
  </ItemGroup>
  <ItemGroup>
    <ResourceCompile Include="sources\QCGUI.rc">
      <Filter>Resource Files</Filter>
    </ResourceCompile>
  </ItemGroup>
  <ItemGroup>
    <ClInclude Include="sources\callbacks.h">
      <Filter>Header Files</Filter>
    </ClInclude>
    <ClInclude Include="sources\resource.h">
      <Filter>Header Files</Filter>
    </ClInclude>
    <ClInclude Include="sources\stdafx.h">
      <Filter>Header Files</Filter>
    </ClInclude>
    <ClInclude Include="sources\directioncontrol.h">
      <Filter>Header Files</Filter>
    </ClInclude>
  </ItemGroup>
</Project>